
Microsoft Visual Studio Solution File, Format Version 12.00
# Visual Studio Version 17
VisualStudioVersion = 17.5.002.0
MinimumVisualStudioVersion = 10.0.40219.1
Project("{9A19103F-16F7-4668-BE54-9A1E7A4F7556}") = "day_01", "day_01\day_01.csproj", "{CCCFC95C-A822-4398-8C69-1AFB0AF7BC37}"
EndProject
Global
	GlobalSection(SolutionConfigurationPlatforms) = preSolution
		Debug|Any CPU = Debug|Any CPU
		Release|Any CPU = Release|Any CPU
	EndGlobalSection
	GlobalSection(ProjectConfigurationPlatforms) = postSolution
		{CCCFC95C-A822-4398-8C69-1AFB0AF7BC37}.Debug|Any CPU.ActiveCfg = Debug|Any CPU
		{CCCFC95C-A822-4398-8C69-1AFB0AF7BC37}.Debug|Any CPU.Build.0 = Debug|Any CPU
		{CCCFC95C-A822-4398-8C69-1AFB0AF7BC37}.Release|Any CPU.ActiveCfg = Release|Any CPU
		{CCCFC95C-A822-4398-8C69-1AFB0AF7BC37}.Release|Any CPU.Build.0 = Release|Any CPU
	EndGlobalSection
	GlobalSection(SolutionProperties) = preSolution
		HideSolutionNode = FALSE
	EndGlobalSection
	GlobalSection(ExtensibilityGlobals) = postSolution
		SolutionGuid = {6A615479-7ADC-4A62-A7E8-B95BD613DBC0}
	EndGlobalSection
EndGlobal
